
Microsoft Visual Studio Solution File, Format Version 12.00
# Visual Studio Version 17
VisualStudioVersion = 17.5.002.0
MinimumVisualStudioVersion = 10.0.40219.1
Project("{9A19103F-16F7-4668-BE54-9A1E7A4F7556}") = "Task1", "Task1.csproj", "{9585B3B2-E6FB-49C4-A0B2-76EE146C1E92}"
EndProject
Global
	GlobalSection(SolutionConfigurationPlatforms) = preSolution
		Debug|Any CPU = Debug|Any CPU
		Release|Any CPU = Release|Any CPU
	EndGlobalSection
	GlobalSection(ProjectConfigurationPlatforms) = postSolution
		{9585B3B2-E6FB-49C4-A0B2-76EE146C1E92}.Debug|Any CPU.ActiveCfg = Debug|Any CPU
		{9585B3B2-E6FB-49C4-A0B2-76EE146C1E92}.Debug|Any CPU.Build.0 = Debug|Any CPU
		{9585B3B2-E6FB-49C4-A0B2-76EE146C1E92}.Release|Any CPU.ActiveCfg = Release|Any CPU
		{9585B3B2-E6FB-49C4-A0B2-76EE146C1E92}.Release|Any CPU.Build.0 = Release|Any CPU
	EndGlobalSection
	GlobalSection(SolutionProperties) = preSolution
		HideSolutionNode = FALSE
	EndGlobalSection
	GlobalSection(ExtensibilityGlobals) = postSolution
		SolutionGuid = {23519D9B-9A10-43BE-92F8-CCDD0383ACEB}
	EndGlobalSection
EndGlobal
